{
  "name": "backend",
  "lockfileVersion": 3,
  "requires": true,
  "packages": {
    "": {
      "dependencies": {
        "@cloudflare/d1": "^1.4.1",
        "dotenv": "^17.2.1"
      }
    },
    "node_modules/@cloudflare/d1": {
      "version": "1.4.1",
      "resolved": "https://registry.npmjs.org/@cloudflare/d1/-/d1-1.4.1.tgz",
      "integrity": "sha512-czIBkVoZG7csWK0GVpWXqvnfM2Uv91AqdhwXeTPd1zpdQ+x/or492tD1ybVe679868bGMsHRqtHxp+5rwHXRaA==",
      "deprecated": "Package no longer supported. Contact Support at https://www.npmjs.com/support for more info.",
      "license": "ISC"
    },
    "node_modules/dotenv": {
      "version": "17.2.1",
      "resolved": "https://registry.npmjs.org/dotenv/-/dotenv-17.2.1.tgz",
      "integrity": "sha512-kQhDYKZecqnM0fCnzI5eIv5L4cAe/iRI+HqMbO/hbRdTAeXDG+M9FjipUxNfbARuEg4iHIbhnhs78BCHNbSxEQ==",
      "license": "BSD-2-Clause",
      "engines": {
        "node": ">=12"
      },
      "funding": {
        "url": "https://dotenvx.com"
      }
    }
  }
}
